
Microsoft Visual Studio Solution File, Format Version 12.00
# Visual Studio Version 16
VisualStudioVersion = 16.0.31727.386
MinimumVisualStudioVersion = 10.0.40219.1
Project("{FAE04EC0-301F-11D3-BF4B-00C04F79EFBC}") = "P2Circunferencia.Windows", "P2Circunferencia.Windows\P2Circunferencia.Windows.csproj", "{EF3F865E-EEEE-44C1-9241-B7F6234D4968}"
EndProject
Project("{FAE04EC0-301F-11D3-BF4B-00C04F79EFBC}") = "P2Circunferencia.Entidades", "P2Circunferencia.Entidades\P2Circunferencia.Entidades.csproj", "{9A1071AA-49B4-405F-A671-1F70B95FF68A}"
EndProject
Project("{FAE04EC0-301F-11D3-BF4B-00C04F79EFBC}") = "P2Circunferencia.Datos", "P2Circunferencia.Datos\P2Circunferencia.Datos.csproj", "{44A904E7-37E2-4B80-A8BE-765E282B8071}"
EndProject
Global
	GlobalSection(SolutionConfigurationPlatforms) = preSolution
		Debug|Any CPU = Debug|Any CPU
		Release|Any CPU = Release|Any CPU
	EndGlobalSection
	GlobalSection(ProjectConfigurationPlatforms) = postSolution
		{EF3F865E-EEEE-44C1-9241-B7F6234D4968}.Debug|Any CPU.ActiveCfg = Debug|Any CPU
		{EF3F865E-EEEE-44C1-9241-B7F6234D4968}.Debug|Any CPU.Build.0 = Debug|Any CPU
		{EF3F865E-EEEE-44C1-9241-B7F6234D4968}.Release|Any CPU.ActiveCfg = Release|Any CPU
		{EF3F865E-EEEE-44C1-9241-B7F6234D4968}.Release|Any CPU.Build.0 = Release|Any CPU
		{9A1071AA-49B4-405F-A671-1F70B95FF68A}.Debug|Any CPU.ActiveCfg = Debug|Any CPU
		{9A1071AA-49B4-405F-A671-1F70B95FF68A}.Debug|Any CPU.Build.0 = Debug|Any CPU
		{9A1071AA-49B4-405F-A671-1F70B95FF68A}.Release|Any CPU.ActiveCfg = Release|Any CPU
		{9A1071AA-49B4-405F-A671-1F70B95FF68A}.Release|Any CPU.Build.0 = Release|Any CPU
		{44A904E7-37E2-4B80-A8BE-765E282B8071}.Debug|Any CPU.ActiveCfg = Debug|Any CPU
		{44A904E7-37E2-4B80-A8BE-765E282B8071}.Debug|Any CPU.Build.0 = Debug|Any CPU
		{44A904E7-37E2-4B80-A8BE-765E282B8071}.Release|Any CPU.ActiveCfg = Release|Any CPU
		{44A904E7-37E2-4B80-A8BE-765E282B8071}.Release|Any CPU.Build.0 = Release|Any CPU
	EndGlobalSection
	GlobalSection(SolutionProperties) = preSolution
		HideSolutionNode = FALSE
	EndGlobalSection
	GlobalSection(ExtensibilityGlobals) = postSolution
		SolutionGuid = {76BDA049-5C7D-429C-BBC3-D8C5EECA09CD}
	EndGlobalSection
EndGlobal
